{
  "name": "halik",
  "version": "1.0.0",
  "lockfileVersion": 2,
  "requires": true,
  "packages": {
    "": {
      "name": "halik",
      "version": "1.0.0",
      "license": "ISC",
      "dependencies": {
        "@parcel/css-cli": "^1.8.1"
      }
    },
    "node_modules/@parcel/css-cli": {
      "version": "1.8.1",
      "resolved": "https://registry.npmjs.org/@parcel/css-cli/-/css-cli-1.8.1.tgz",
      "integrity": "sha512-uRDsfLKDMTCA1u6O0QZe28GGAYdybh7frDfofTP8vvKbGVFkmJ/RrctXMx9THubrV+6qCufNPuUehZhu0o6MTw==",
      "hasInstallScript": true,
      "dependencies": {
        "detect-libc": "^1.0.3"
      },
      "bin": {
        "parcel-css": "parcel_css"
      },
      "engines": {
        "node": ">= 12.0.0"
      },
      "funding": {
        "type": "opencollective",
        "url": "https://opencollective.com/parcel"
      },
      "optionalDependencies": {
        "@parcel/css-cli-darwin-arm64": "1.8.1",
        "@parcel/css-cli-darwin-x64": "1.8.1",
        "@parcel/css-cli-linux-arm-gnueabihf": "1.8.1",
        "@parcel/css-cli-linux-arm64-gnu": "1.8.1",
        "@parcel/css-cli-linux-arm64-musl": "1.8.1",
        "@parcel/css-cli-linux-x64-gnu": "1.8.1",
        "@parcel/css-cli-linux-x64-musl": "1.8.1",
        "@parcel/css-cli-win32-x64-msvc": "1.8.1"
      }
    },
    "node_modules/@parcel/css-cli-darwin-arm64": {
      "version": "1.8.1",
      "resolved": "https://registry.npmjs.org/@parcel/css-cli-darwin-arm64/-/css-cli-darwin-arm64-1.8.1.tgz",
      "integrity": "sha512-e5msUAzpJEywMO1XcuObJ2EFnGGYU6UvgaVJKx+QXCcACkr+PrG6Ma7QCcUUqz8+L550uAWnA3gilyO6Cdd3nw==",
      "cpu": [
        "arm64"
      ],
      "optional": true,
      "os": [
        "darwin"
      ],
      "engines": {
        "node": ">= 12.0.0"
      },
      "funding": {
        "type": "opencollective",
        "url": "https://opencollective.com/parcel"
      }
    },
    "node_modules/@parcel/css-cli-darwin-x64": {
      "version": "1.8.1",
      "resolved": "https://registry.npmjs.org/@parcel/css-cli-darwin-x64/-/css-cli-darwin-x64-1.8.1.tgz",
      "integrity": "sha512-CnAbbz1O1HndXQXbtWgBSC2K21DGv5ufKTD/hNGq8vGuV2apmJhu69E608UGVL/VscDQQb20sbSnalJFcCle9w==",
      "cpu": [
        "x64"
      ],
      "optional": true,
      "os": [
        "darwin"
      ],
      "engines": {
        "node": ">= 12.0.0"
      },
      "funding": {
        "type": "opencollective",
        "url": "https://opencollective.com/parcel"
      }
    },
    "node_modules/@parcel/css-cli-linux-arm-gnueabihf": {
      "version": "1.8.1",
      "resolved": "https://registry.npmjs.org/@parcel/css-cli-linux-arm-gnueabihf/-/css-cli-linux-arm-gnueabihf-1.8.1.tgz",
      "integrity": "sha512-2HiDAZw88K7ynH35yX4ZrHVgwYcIS9523ajE6AS8h9AIUrDnSDT/gqF0lbdDyG9YTlxymm+s0+1UU0wY/y8YSA==",
      "cpu": [
        "arm"
      ],
      "optional": true,
      "os": [
        "linux"
      ],
      "engines": {
        "node": ">= 12.0.0"
      },
      "funding": {
        "type": "opencollective",
        "url": "https://opencollective.com/parcel"
      }
    },
    "node_modules/@parcel/css-cli-linux-arm64-gnu": {
      "version": "1.8.1",
      "resolved": "https://registry.npmjs.org/@parcel/css-cli-linux-arm64-gnu/-/css-cli-linux-arm64-gnu-1.8.1.tgz",
      "integrity": "sha512-Y9QUdpQIqOfQXuTQ7oVrZDDLWjtOkKobw6mM4bqg5TDQPGWqgHUQZ1aHVq4S1sg8dzZ5PDAB43mjW2YC5g/OYg==",
      "cpu": [
        "arm64"
      ],
      "optional": true,
      "os": [
        "linux"
      ],
      "engines": {
        "node": ">= 12.0.0"
      },
      "funding": {
        "type": "opencollective",
        "url": "https://opencollective.com/parcel"
      }
    },
    "node_modules/@parcel/css-cli-linux-arm64-musl": {
      "version": "1.8.1",
      "resolved": "https://registry.npmjs.org/@parcel/css-cli-linux-arm64-musl/-/css-cli-linux-arm64-musl-1.8.1.tgz",
      "integrity": "sha512-JyRu0jy8WX9tfP04hmpuAVmnYeOwAc9VTo8X7+6mOBnMxAIg5ub5POv2Tl+gLmtvJdIo4Sq3HWvCH5e4BJPQng==",
      "cpu": [
        "arm64"
      ],
      "optional": true,
      "os": [
        "linux"
      ],
      "engines": {
        "node": ">= 12.0.0"
      },
      "funding": {
        "type": "opencollective",
        "url": "https://opencollective.com/parcel"
      }
    },
    "node_modules/@parcel/css-cli-linux-x64-gnu": {
      "version": "1.8.1",
      "resolved": "https://registry.npmjs.org/@parcel/css-cli-linux-x64-gnu/-/css-cli-linux-x64-gnu-1.8.1.tgz",
      "integrity": "sha512-HVY/6OvzTZwOI3shZrjJm6nZR5qju8uFX5WyTs+aWRdwHKEt0HBw7uUl74K0RXGIIzYehf0SqdOYbbJxqgHiYg==",
      "cpu": [
        "x64"
      ],
      "optional": true,
      "os": [
        "linux"
      ],
      "engines": {
        "node": ">= 12.0.0"
      },
      "funding": {
        "type": "opencollective",
        "url": "https://opencollective.com/parcel"
      }
    },
    "node_modules/@parcel/css-cli-linux-x64-musl": {
      "version": "1.8.1",
      "resolved": "https://registry.npmjs.org/@parcel/css-cli-linux-x64-musl/-/css-cli-linux-x64-musl-1.8.1.tgz",
      "integrity": "sha512-Il28ChOX1RG5bII84llbznjQBBjHcDyALndSxj8+y5gU3NgrbV/5NxzUHOOP5E9ayu/Cj3NvuE/QPvOvo8h1Lg==",
      "cpu": [
        "x64"
      ],
      "optional": true,
      "os": [
        "linux"
      ],
      "engines": {
        "node": ">= 12.0.0"
      },
      "funding": {
        "type": "opencollective",
        "url": "https://opencollective.com/parcel"
      }
    },
    "node_modules/@parcel/css-cli-win32-x64-msvc": {
      "version": "1.8.1",
      "resolved": "https://registry.npmjs.org/@parcel/css-cli-win32-x64-msvc/-/css-cli-win32-x64-msvc-1.8.1.tgz",
      "integrity": "sha512-jzYpUsBkxsggXQmeeUoQyrSFTn3IeMkRKAtbC7IvdAgbzdE53XgaUz7mkHE8XCS6BYPPPv7M8Yw9ygMh+sT4EA==",
      "cpu": [
        "x64"
      ],
      "optional": true,
      "os": [
        "win32"
      ],
      "engines": {
        "node": ">= 12.0.0"
      },
      "funding": {
        "type": "opencollective",
        "url": "https://opencollective.com/parcel"
      }
    },
    "node_modules/detect-libc": {
      "version": "1.0.3",
      "resolved": "https://registry.npmjs.org/detect-libc/-/detect-libc-1.0.3.tgz",
      "integrity": "sha1-+hN8S9aY7fVc1c0CrFWfkaTEups=",
      "bin": {
        "detect-libc": "bin/detect-libc.js"
      },
      "engines": {
        "node": ">=0.10"
      }
    }
  },
  "dependencies": {
    "@parcel/css-cli": {
      "version": "1.8.1",
      "resolved": "https://registry.npmjs.org/@parcel/css-cli/-/css-cli-1.8.1.tgz",
      "integrity": "sha512-uRDsfLKDMTCA1u6O0QZe28GGAYdybh7frDfofTP8vvKbGVFkmJ/RrctXMx9THubrV+6qCufNPuUehZhu0o6MTw==",
      "requires": {
        "@parcel/css-cli-darwin-arm64": "1.8.1",
        "@parcel/css-cli-darwin-x64": "1.8.1",
        "@parcel/css-cli-linux-arm-gnueabihf": "1.8.1",
        "@parcel/css-cli-linux-arm64-gnu": "1.8.1",
        "@parcel/css-cli-linux-arm64-musl": "1.8.1",
        "@parcel/css-cli-linux-x64-gnu": "1.8.1",
        "@parcel/css-cli-linux-x64-musl": "1.8.1",
        "@parcel/css-cli-win32-x64-msvc": "1.8.1",
        "detect-libc": "^1.0.3"
      }
    },
    "@parcel/css-cli-darwin-arm64": {
      "version": "1.8.1",
      "resolved": "https://registry.npmjs.org/@parcel/css-cli-darwin-arm64/-/css-cli-darwin-arm64-1.8.1.tgz",
      "integrity": "sha512-e5msUAzpJEywMO1XcuObJ2EFnGGYU6UvgaVJKx+QXCcACkr+PrG6Ma7QCcUUqz8+L550uAWnA3gilyO6Cdd3nw==",
      "optional": true
    },
    "@parcel/css-cli-darwin-x64": {
      "version": "1.8.1",
      "resolved": "https://registry.npmjs.org/@parcel/css-cli-darwin-x64/-/css-cli-darwin-x64-1.8.1.tgz",
      "integrity": "sha512-CnAbbz1O1HndXQXbtWgBSC2K21DGv5ufKTD/hNGq8vGuV2apmJhu69E608UGVL/VscDQQb20sbSnalJFcCle9w==",
      "optional": true
    },
    "@parcel/css-cli-linux-arm-gnueabihf": {
      "version": "1.8.1",
      "resolved": "https://registry.npmjs.org/@parcel/css-cli-linux-arm-gnueabihf/-/css-cli-linux-arm-gnueabihf-1.8.1.tgz",
      "integrity": "sha512-2HiDAZw88K7ynH35yX4ZrHVgwYcIS9523ajE6AS8h9AIUrDnSDT/gqF0lbdDyG9YTlxymm+s0+1UU0wY/y8YSA==",
      "optional": true
    },
    "@parcel/css-cli-linux-arm64-gnu": {
      "version": "1.8.1",
      "resolved": "https://registry.npmjs.org/@parcel/css-cli-linux-arm64-gnu/-/css-cli-linux-arm64-gnu-1.8.1.tgz",
      "integrity": "sha512-Y9QUdpQIqOfQXuTQ7oVrZDDLWjtOkKobw6mM4bqg5TDQPGWqgHUQZ1aHVq4S1sg8dzZ5PDAB43mjW2YC5g/OYg==",
      "optional": true
    },
    "@parcel/css-cli-linux-arm64-musl": {
      "version": "1.8.1",
      "resolved": "https://registry.npmjs.org/@parcel/css-cli-linux-arm64-musl/-/css-cli-linux-arm64-musl-1.8.1.tgz",
      "integrity": "sha512-JyRu0jy8WX9tfP04hmpuAVmnYeOwAc9VTo8X7+6mOBnMxAIg5ub5POv2Tl+gLmtvJdIo4Sq3HWvCH5e4BJPQng==",
      "optional": true
    },
    "@parcel/css-cli-linux-x64-gnu": {
      "version": "1.8.1",
      "resolved": "https://registry.npmjs.org/@parcel/css-cli-linux-x64-gnu/-/css-cli-linux-x64-gnu-1.8.1.tgz",
      "integrity": "sha512-HVY/6OvzTZwOI3shZrjJm6nZR5qju8uFX5WyTs+aWRdwHKEt0HBw7uUl74K0RXGIIzYehf0SqdOYbbJxqgHiYg==",
      "optional": true
    },
    "@parcel/css-cli-linux-x64-musl": {
      "version": "1.8.1",
      "resolved": "https://registry.npmjs.org/@parcel/css-cli-linux-x64-musl/-/css-cli-linux-x64-musl-1.8.1.tgz",
      "integrity": "sha512-Il28ChOX1RG5bII84llbznjQBBjHcDyALndSxj8+y5gU3NgrbV/5NxzUHOOP5E9ayu/Cj3NvuE/QPvOvo8h1Lg==",
      "optional": true
    },
    "@parcel/css-cli-win32-x64-msvc": {
      "version": "1.8.1",
      "resolved": "https://registry.npmjs.org/@parcel/css-cli-win32-x64-msvc/-/css-cli-win32-x64-msvc-1.8.1.tgz",
      "integrity": "sha512-jzYpUsBkxsggXQmeeUoQyrSFTn3IeMkRKAtbC7IvdAgbzdE53XgaUz7mkHE8XCS6BYPPPv7M8Yw9ygMh+sT4EA==",
      "optional": true
    },
    "detect-libc": {
      "version": "1.0.3",
      "resolved": "https://registry.npmjs.org/detect-libc/-/detect-libc-1.0.3.tgz",
      "integrity": "sha1-+hN8S9aY7fVc1c0CrFWfkaTEups="
    }
  }
}
